// !$*UTF8*$!
{
	archiveVersion = 1;
	classes = {
	};
	objectVersion = 46;
	objects = {

/* Begin PBXBuildFile section */
		DB2F5EAD1D461D57005815D7 /* main.m in Sources */ = {isa = PBXBuildFile; fileRef = DB2F5EAC1D461D57005815D7 /* main.m */; };
		DB2F5EB01D461D57005815D7 /* AppDelegate.m in Sources */ = {isa = PBXBuildFile; fileRef = DB2F5EAF1D461D57005815D7 /* AppDelegate.m */; };
		DB2F5EB31D461D57005815D7 /* ViewController.m in Sources */ = {isa = PBXBuildFile; fileRef = DB2F5EB21D461D57005815D7 /* ViewController.m */; };
		DB2F5EB61D461D57005815D7 /* Main.storyboard in Resources */ = {isa = PBXBuildFile; fileRef = DB2F5EB41D461D57005815D7 /* Main.storyboard */; };
		DB2F5EB81D461D57005815D7 /* Assets.xcassets in Resources */ = {isa = PBXBuildFile; fileRef = DB2F5EB71D461D57005815D7 /* Assets.xcassets */; };
		DB2F5EBB1D461D57005815D7 /* LaunchScreen.storyboard in Resources */ = {isa = PBXBuildFile; fileRef = DB2F5EB91D461D57005815D7 /* LaunchScreen.storyboard */; };
		DB2F5EC61D461D57005815D7 /* SoureTreeTests.m in Sources */ = {isa = PBXBuildFile; fileRef = DB2F5EC51D461D57005815D7 /* SoureTreeTests.m */; };
		DB2F5ED11D461D57005815D7 /* SoureTreeUITests.m in Sources */ = {isa = PBXBuildFile; fileRef = DB2F5ED01D461D57005815D7 /* SoureTreeUITests.m */; };
		DB2F5EE01D461E67005815D7 /* NewVCViewController.m in Sources */ = {isa = PBXBuildFile; fileRef = DB2F5EDF1D461E67005815D7 /* NewVCViewController.m */; };
/* End PBXBuildFile section */

/* Begin PBXContainerItemProxy section */
		DB2F5EC21D461D57005815D7 /* PBXContainerItemProxy */ = {
			isa = PBXContainerItemProxy;
			containerPortal = DB2F5EA01D461D56005815D7 /* Project object */;
			proxyType = 1;
			remoteGlobalIDString = DB2F5EA71D461D56005815D7;
			remoteInfo = SoureTree;
		};
		DB2F5ECD1D461D57005815D7 /* PBXContainerItemProxy */ = {
			isa = PBXContainerItemProxy;
			containerPortal = DB2F5EA01D461D56005815D7 /* Project object */;
			proxyType = 1;
			remoteGlobalIDString = DB2F5EA71D461D56005815D7;
			remoteInfo = SoureTree;
		};
/* End PBXContainerItemProxy section */

/* Begin PBXFileReference section */
		DB2F5EA81D461D56005815D7 /* SoureTree.app */ = {isa = PBXFileReference; explicitFileType = wrapper.application; includeInIndex = 0; path = SoureTree.app; sourceTree = BUILT_PRODUCTS_DIR; };
		DB2F5EAC1D461D57005815D7 /* main.m */ = {isa = PBXFileReference; lastKnownFileType = sourcecode.c.objc; path = main.m; sourceTree = "<group>"; };
		DB2F5EAE1D461D57005815D7 /* AppDelegate.h */ = {isa = PBXFileReference; lastKnownFileType = sourcecode.c.h; path = AppDelegate.h; sourceTree = "<group>"; };
		DB2F5EAF1D461D57005815D7 /* AppDelegate.m */ = {isa = PBXFileReference; lastKnownFileType = sourcecode.c.objc; path = AppDelegate.m; sourceTree = "<group>"; };
		DB2F5EB11D461D57005815D7 /* ViewController.h */ = {isa = PBXFileReference; lastKnownFileType = sourcecode.c.h; path = ViewController.h; sourceTree = "<group>"; };
		DB2F5EB21D461D57005815D7 /* ViewController.m */ = {isa = PBXFileReference; lastKnownFileType = sourcecode.c.objc; path = ViewController.m; sourceTree = "<group>"; };
		DB2F5EB51D461D57005815D7 /* Base */ = {isa = PBXFileReference; lastKnownFileType = file.storyboard; name = Base; path = Base.lproj/Main.storyboard; sourceTree = "<group>"; };
		DB2F5EB71D461D57005815D7 /* Assets.xcassets */ = {isa = PBXFileReference; lastKnownFileType = folder.assetcatalog; path = Assets.xcassets; sourceTree = "<group>"; };
		DB2F5EBA1D461D57005815D7 /* Base */ = {isa = PBXFileReference; lastKnownFileType = file.storyboard; name = Base; path = Base.lproj/LaunchScreen.storyboard; sourceTree = "<group>"; };
		DB2F5EBC1D461D57005815D7 /* Info.plist */ = {isa = PBXFileReference; lastKnownFileType = text.plist.xml; path = Info.plist; sourceTree = "<group>"; };
		DB2F5EC11D461D57005815D7 /* SoureTreeTests.xctest */ = {isa = PBXFileReference; explicitFileType = wrapper.cfbundle; includeInIndex = 0; path = SoureTreeTests.xctest; sourceTree = BUILT_PRODUCTS_DIR; };
		DB2F5EC51D461D57005815D7 /* SoureTreeTests.m */ = {isa = PBXFileReference; lastKnownFileType = sourcecode.c.objc; path = SoureTreeTests.m; sourceTree = "<group>"; };
		DB2F5EC71D461D57005815D7 /* Info.plist */ = {isa = PBXFileReference; lastKnownFileType = text.plist.xml; path = Info.plist; sourceTree = "<group>"; };
		DB2F5ECC1D461D57005815D7 /* SoureTreeUITests.xctest */ = {isa = PBXFileReference; explicitFileType = wrapper.cfbundle; includeInIndex = 0; path = SoureTreeUITests.xctest; sourceTree = BUILT_PRODUCTS_DIR; };
		DB2F5ED01D461D57005815D7 /* SoureTreeUITests.m */ = {isa = PBXFileReference; lastKnownFileType = sourcecode.c.objc; path = SoureTreeUITests.m; sourceTree = "<group>"; };
		DB2F5ED21D461D57005815D7 /* Info.plist */ = {isa = PBXFileReference; lastKnownFileType = text.plist.xml; path = Info.plist; sourceTree = "<group>"; };
		DB2F5EDE1D461E67005815D7 /* NewVCViewController.h */ = {isa = PBXFileReference; fileEncoding = 4; lastKnownFileType = sourcecode.c.h; path = NewVCViewController.h; sourceTree = "<group>"; };
		DB2F5EDF1D461E67005815D7 /* NewVCViewController.m */ = {isa = PBXFileReference; fileEncoding = 4; lastKnownFileType = sourcecode.c.objc; path = NewVCViewController.m; sourceTree = "<group>"; };
/* End PBXFileReference section */

/* Begin PBXFrameworksBuildPhase section */
		DB2F5EA51D461D56005815D7 /* Frameworks */ = {
			isa = PBXFrameworksBuildPhase;
			buildActionMask = 2147483647;
			files = (
			);
			runOnlyForDeploymentPostprocessing = 0;
		};
		DB2F5EBE1D461D57005815D7 /* Frameworks */ = {
			isa = PBXFrameworksBuildPhase;
			buildActionMask = 2147483647;
			files = (
			);
			runOnlyForDeploymentPostprocessing = 0;
		};
		DB2F5EC91D461D57005815D7 /* Frameworks */ = {
			isa = PBXFrameworksBuildPhase;
			buildActionMask = 2147483647;
			files = (
			);
			runOnlyForDeploymentPostprocessing = 0;
		};
/* End PBXFrameworksBuildPhase section */

/* Begin PBXGroup section */
		DB2F5E9F1D461D56005815D7 = {
			isa = PBXGroup;
			children = (
				DB2F5EAA1D461D57005815D7 /* SoureTree */,
				DB2F5EC41D461D57005815D7 /* SoureTreeTests */,
				DB2F5ECF1D461D57005815D7 /* SoureTreeUITests */,
				DB2F5EA91D461D56005815D7 /* Products */,
			);
			sourceTree = "<group>";
		};
		DB2F5EA91D461D56005815D7 /* Products */ = {
			isa = PBXGroup;
			children = (
				DB2F5EA81D461D56005815D7 /* SoureTree.app */,
				DB2F5EC11D461D57005815D7 /* SoureTreeTests.xctest */,
				DB2F5ECC1D461D57005815D7 /* SoureTreeUITests.xctest */,
			);
			name = Products;
			sourceTree = "<group>";
		};
		DB2F5EAA1D461D57005815D7 /* SoureTree */ = {
			isa = PBXGroup;
			children = (
				DB2F5EAE1D461D57005815D7 /* AppDelegate.h */,
				DB2F5EAF1D461D57005815D7 /* AppDelegate.m */,
				DB2F5EB11D461D57005815D7 /* ViewController.h */,
				DB2F5EB21D461D57005815D7 /* ViewController.m */,
				DB2F5EDE1D461E67005815D7 /* NewVCViewController.h */,
				DB2F5EDF1D461E67005815D7 /* NewVCViewController.m */,
				DB2F5EB41D461D57005815D7 /* Main.storyboard */,
				DB2F5EB71D461D57005815D7 /* Assets.xcassets */,
				DB2F5EB91D461D57005815D7 /* LaunchScreen.storyboard */,
				DB2F5EBC1D461D57005815D7 /* Info.plist */,
				DB2F5EAB1D461D57005815D7 /* Supporting Files */,
			);
			path = SoureTree;
			sourceTree = "<group>";
		};
		DB2F5EAB1D461D57005815D7 /* Supporting Files */ = {
			isa = PBXGroup;
			children = (
				DB2F5EAC1D461D57005815D7 /* main.m */,
			);
			name = "Supporting Files";
			sourceTree = "<group>";
		};
		DB2F5EC41D461D57005815D7 /* SoureTreeTests */ = {
			isa = PBXGroup;
			children = (
				DB2F5EC51D461D57005815D7 /* SoureTreeTests.m */,
				DB2F5EC71D461D57005815D7 /* Info.plist */,
			);
			path = SoureTreeTests;
			sourceTree = "<group>";
		};
		DB2F5ECF1D461D57005815D7 /* SoureTreeUITests */ = {
			isa = PBXGroup;
			children = (
				DB2F5ED01D461D57005815D7 /* SoureTreeUITests.m */,
				DB2F5ED21D461D57005815D7 /* Info.plist */,
			);
			path = SoureTreeUITests;
			sourceTree = "<group>";
		};
/* End PBXGroup section */

/* Begin PBXNativeTarget section */
		DB2F5EA71D461D56005815D7 /* SoureTree */ = {
			isa = PBXNativeTarget;
			buildConfigurationList = DB2F5ED51D461D57005815D7 /* Build configuration list for PBXNativeTarget "SoureTree" */;
			buildPhases = (
				DB2F5EA41D461D56005815D7 /* Sources */,
				DB2F5EA51D461D56005815D7 /* Frameworks */,
				DB2F5EA61D461D56005815D7 /* Resources */,
			);
			buildRules = (
			);
			dependencies = (
			);
			name = SoureTree;
			productName = SoureTree;
			productReference = DB2F5EA81D461D56005815D7 /* SoureTree.app */;
			productType = "com.apple.product-type.application";
		};
		DB2F5EC01D461D57005815D7 /* SoureTreeTests */ = {
			isa = PBXNativeTarget;
			buildConfigurationList = DB2F5ED81D461D57005815D7 /* Build configuration list for PBXNativeTarget "SoureTreeTests" */;
			buildPhases = (
				DB2F5EBD1D461D57005815D7 /* Sources */,
				DB2F5EBE1D461D57005815D7 /* Frameworks */,
				DB2F5EBF1D461D57005815D7 /* Resources */,
			);
			buildRules = (
			);
			dependencies = (
				DB2F5EC31D461D57005815D7 /* PBXTargetDependency */,
			);
			name = SoureTreeTests;
			productName = SoureTreeTests;
			productReference = DB2F5EC11D461D57005815D7 /* SoureTreeTests.xctest */;
			productType = "com.apple.product-type.bundle.unit-test";
		};
		DB2F5ECB1D461D57005815D7 /* SoureTreeUITests */ = {
			isa = PBXNativeTarget;
			buildConfigurationList = DB2F5EDB1D461D57005815D7 /* Build configuration list for PBXNativeTarget "SoureTreeUITests" */;
			buildPhases = (
				DB2F5EC81D461D57005815D7 /* Sources */,
				DB2F5EC91D461D57005815D7 /* Frameworks */,
				DB2F5ECA1D461D57005815D7 /* Resources */,
			);
			buildRules = (
			);
			dependencies = (
				DB2F5ECE1D461D57005815D7 /* PBXTargetDependency */,
			);
			name = SoureTreeUITests;
			productName = SoureTreeUITests;
			productReference = DB2F5ECC1D461D57005815D7 /* SoureTreeUITests.xctest */;
			productType = "com.apple.product-type.bundle.ui-testing";
		};
/* End PBXNativeTarget section */

/* Begin PBXProject section */
		DB2F5EA01D461D56005815D7 /* Project object */ = {
			isa = PBXProject;
			attributes = {
				LastUpgradeCheck = 0730;
				ORGANIZATIONNAME = " lichen";
				TargetAttributes = {
					DB2F5EA71D461D56005815D7 = {
						CreatedOnToolsVersion = 7.3.1;
					};
					DB2F5EC01D461D57005815D7 = {
						CreatedOnToolsVersion = 7.3.1;
						TestTargetID = DB2F5EA71D461D56005815D7;
					};
					DB2F5ECB1D461D57005815D7 = {
						CreatedOnToolsVersion = 7.3.1;
						TestTargetID = DB2F5EA71D461D56005815D7;
					};
				};
			};
			buildConfigurationList = DB2F5EA31D461D56005815D7 /* Build configuration list for PBXProject "SoureTree" */;
			compatibilityVersion = "Xcode 3.2";
			developmentRegion = English;
			hasScannedForEncodings = 0;
			knownRegions = (
				en,
				Base,
			);
			mainGroup = DB2F5E9F1D461D56005815D7;
			productRefGroup = DB2F5EA91D461D56005815D7 /* Products */;
			projectDirPath = "";
			projectRoot = "";
			targets = (
				DB2F5EA71D461D56005815D7 /* SoureTree */,
				DB2F5EC01D461D57005815D7 /* SoureTreeTests */,
				DB2F5ECB1D461D57005815D7 /* SoureTreeUITests */,
			);
		};
/* End PBXProject section */

/* Begin PBXResourcesBuildPhase section */
		DB2F5EA61D461D56005815D7 /* Resources */ = {
			isa = PBXResourcesBuildPhase;
			buildActionMask = 2147483647;
			files = (
				DB2F5EBB1D461D57005815D7 /* LaunchScreen.storyboard in Resources */,
				DB2F5EB81D461D57005815D7 /* Assets.xcassets in Resources */,
				DB2F5EB61D461D57005815D7 /* Main.storyboard in Resources */,
			);
			runOnlyForDeploymentPostprocessing = 0;
		};
		DB2F5EBF1D461D57005815D7 /* Resources */ = {
			isa = PBXResourcesBuildPhase;
			buildActionMask = 2147483647;
			files = (
			);
			runOnlyForDeploymentPostprocessing = 0;
		};
		DB2F5ECA1D461D57005815D7 /* Resources */ = {
			isa = PBXResourcesBuildPhase;
			buildActionMask = 2147483647;
			files = (
			);
			runOnlyForDeploymentPostprocessing = 0;
		};
/* End PBXResourcesBuildPhase section */

/* Begin PBXSourcesBuildPhase section */
		DB2F5EA41D461D56005815D7 /* Sources */ = {
			isa = PBXSourcesBuildPhase;
			buildActionMask = 2147483647;
			files = (
				DB2F5EB31D461D57005815D7 /* ViewController.m in Sources */,
				DB2F5EB01D461D57005815D7 /* AppDelegate.m in Sources */,
				DB2F5EE01D461E67005815D7 /* NewVCViewController.m in Sources */,
				DB2F5EAD1D461D57005815D7 /* main.m in Sources */,
			);
			runOnlyForDeploymentPostprocessing = 0;
		};
		DB2F5EBD1D461D57005815D7 /* Sources */ = {
			isa = PBXSourcesBuildPhase;
			buildActionMask = 2147483647;
			files = (
				DB2F5EC61D461D57005815D7 /* SoureTreeTests.m in Sources */,
			);
			runOnlyForDeploymentPostprocessing = 0;
		};
		DB2F5EC81D461D57005815D7 /* Sources */ = {
			isa = PBXSourcesBuildPhase;
			buildActionMask = 2147483647;
			files = (
				DB2F5ED11D461D57005815D7 /* SoureTreeUITests.m in Sources */,
			);
			runOnlyForDeploymentPostprocessing = 0;
		};
/* End PBXSourcesBuildPhase section */

/* Begin PBXTargetDependency section */
		DB2F5EC31D461D57005815D7 /* PBXTargetDependency */ = {
			isa = PBXTargetDependency;
			target = DB2F5EA71D461D56005815D7 /* SoureTree */;
			targetProxy = DB2F5EC21D461D57005815D7 /* PBXContainerItemProxy */;
		};
		DB2F5ECE1D461D57005815D7 /* PBXTargetDependency */ = {
			isa = PBXTargetDependency;
			target = DB2F5EA71D461D56005815D7 /* SoureTree */;
			targetProxy = DB2F5ECD1D461D57005815D7 /* PBXContainerItemProxy */;
		};
/* End PBXTargetDependency section */

/* Begin PBXVariantGroup section */
		DB2F5EB41D461D57005815D7 /* Main.storyboard */ = {
			isa = PBXVariantGroup;
			children = (
				DB2F5EB51D461D57005815D7 /* Base */,
			);
			name = Main.storyboard;
			sourceTree = "<group>";
		};
		DB2F5EB91D461D57005815D7 /* LaunchScreen.storyboard */ = {
			isa = PBXVariantGroup;
			children = (
				DB2F5EBA1D461D57005815D7 /* Base */,
			);
			name = LaunchScreen.storyboard;
			sourceTree = "<group>";
		};
/* End PBXVariantGroup section */

/* Begin XCBuildConfiguration section */
		DB2F5ED31D461D57005815D7 /* Debug */ = {
			isa = XCBuildConfiguration;
			buildSettings = {
				ALWAYS_SEARCH_USER_PATHS = NO;
				CLANG_ANALYZER_NONNULL = YES;
				CLANG_CXX_LANGUAGE_STANDARD = "gnu++0x";
				CLANG_CXX_LIBRARY = "libc++";
				CLANG_ENABLE_MODULES = YES;
				CLANG_ENABLE_OBJC_ARC = YES;
				CLANG_WARN_BOOL_CONVERSION = YES;
				CLANG_WARN_CONSTANT_CONVERSION = YES;
				CLANG_WARN_DIRECT_OBJC_ISA_USAGE = YES_ERROR;
				CLANG_WARN_EMPTY_BODY = YES;
				CLANG_WARN_ENUM_CONVERSION = YES;
				CLANG_WARN_INT_CONVERSION = YES;
				CLANG_WARN_OBJC_ROOT_CLASS = YES_ERROR;
				CLANG_WARN_UNREACHABLE_CODE = YES;
				CLANG_WARN__DUPLICATE_METHOD_MATCH = YES;
				"CODE_SIGN_IDENTITY[sdk=iphoneos*]" = "iPhone Developer";
				COPY_PHASE_STRIP = NO;
				DEBUG_INFORMATION_FORMAT = dwarf;
				ENABLE_STRICT_OBJC_MSGSEND = YES;
				ENABLE_TESTABILITY = YES;
				GCC_C_LANGUAGE_STANDARD = gnu99;
				GCC_DYNAMIC_NO_PIC = NO;
				GCC_NO_COMMON_BLOCKS = YES;
				GCC_OPTIMIZATION_LEVEL = 0;
				GCC_PREPROCESSOR_DEFINITIONS = (
					"DEBUG=1",
					"$(inherited)",
				);
				GCC_WARN_64_TO_32_BIT_CONVERSION = YES;
				GCC_WARN_ABOUT_RETURN_TYPE = YES_ERROR;
				GCC_WARN_UNDECLARED_SELECTOR = YES;
				GCC_WARN_UNINITIALIZED_AUTOS = YES_AGGRESSIVE;
				GCC_WARN_UNUSED_FUNCTION = YES;
				GCC_WARN_UNUSED_VARIABLE = YES;
				IPHONEOS_DEPLOYMENT_TARGET = 9.3;
				MTL_ENABLE_DEBUG_INFO = YES;
				ONLY_ACTIVE_ARCH = YES;
				SDKROOT = iphoneos;
			};
			name = Debug;
		};
		DB2F5ED41D461D57005815D7 /* Release */ = {
			isa = XCBuildConfiguration;
			buildSettings = {
				ALWAYS_SEARCH_USER_PATHS = NO;
				CLANG_ANALYZER_NONNULL = YES;
				CLANG_CXX_LANGUAGE_STANDARD = "gnu++0x";
				CLANG_CXX_LIBRARY = "libc++";
				CLANG_ENABLE_MODULES = YES;
				CLANG_ENABLE_OBJC_ARC = YES;
				CLANG_WARN_BOOL_CONVERSION = YES;
				CLANG_WARN_CONSTANT_CONVERSION = YES;
				CLANG_WARN_DIRECT_OBJC_ISA_USAGE = YES_ERROR;
				CLANG_WARN_EMPTY_BODY = YES;
				CLANG_WARN_ENUM_CONVERSION = YES;
				CLANG_WARN_INT_CONVERSION = YES;
				CLANG_WARN_OBJC_ROOT_CLASS = YES_ERROR;
				CLANG_WARN_UNREACHABLE_CODE = YES;
				CLANG_WARN__DUPLICATE_METHOD_MATCH = YES;
				"CODE_SIGN_IDENTITY[sdk=iphoneos*]" = "iPhone Developer";
				COPY_PHASE_STRIP = NO;
				DEBUG_INFORMATION_FORMAT = "dwarf-with-dsym";
				ENABLE_NS_ASSERTIONS = NO;
				ENABLE_STRICT_OBJC_MSGSEND = YES;
				GCC_C_LANGUAGE_STANDARD = gnu99;
				GCC_NO_COMMON_BLOCKS = YES;
				GCC_WARN_64_TO_32_BIT_CONVERSION = YES;
				GCC_WARN_ABOUT_RETURN_TYPE = YES_ERROR;
				GCC_WARN_UNDECLARED_SELECTOR = YES;
				GCC_WARN_UNINITIALIZED_AUTOS = YES_AGGRESSIVE;
				GCC_WARN_UNUSED_FUNCTION = YES;
				GCC_WARN_UNUSED_VARIABLE = YES;
				IPHONEOS_DEPLOYMENT_TARGET = 9.3;
				MTL_ENABLE_DEBUG_INFO = NO;
				SDKROOT = iphoneos;
				VALIDATE_PRODUCT = YES;
			};
			name = Release;
		};
		DB2F5ED61D461D57005815D7 /* Debug */ = {
			isa = XCBuildConfiguration;
			buildSettings = {
				ASSETCATALOG_COMPILER_APPICON_NAME = AppIcon;
				INFOPLIST_FILE = SoureTree/Info.plist;
				LD_RUNPATH_SEARCH_PATHS = "$(inherited) @executable_path/Frameworks";
				PRODUCT_BUNDLE_IDENTIFIER = com.lichenjy.SoureTree;
				PRODUCT_NAME = "$(TARGET_NAME)";
			};
			name = Debug;
		};
		DB2F5ED71D461D57005815D7 /* Release */ = {
			isa = XCBuildConfiguration;
			buildSettings = {
				ASSETCATALOG_COMPILER_APPICON_NAME = AppIcon;
				INFOPLIST_FILE = SoureTree/Info.plist;
				LD_RUNPATH_SEARCH_PATHS = "$(inherited) @executable_path/Frameworks";
				PRODUCT_BUNDLE_IDENTIFIER = com.lichenjy.SoureTree;
				PRODUCT_NAME = "$(TARGET_NAME)";
			};
			name = Release;
		};
		DB2F5ED91D461D57005815D7 /* Debug */ = {
			isa = XCBuildConfiguration;
			buildSettings = {
				BUNDLE_LOADER = "$(TEST_HOST)";
				INFOPLIST_FILE = SoureTreeTests/Info.plist;
				LD_RUNPATH_SEARCH_PATHS = "$(inherited) @executable_path/Frameworks @loader_path/Frameworks";
				PRODUCT_BUNDLE_IDENTIFIER = com.lichenjy.SoureTreeTests;
				PRODUCT_NAME = "$(TARGET_NAME)";
				TEST_HOST = "$(BUILT_PRODUCTS_DIR)/SoureTree.app/SoureTree";
			};
			name = Debug;
		};
		DB2F5EDA1D461D57005815D7 /* Release */ = {
			isa = XCBuildConfiguration;
			buildSettings = {
				BUNDLE_LOADER = "$(TEST_HOST)";
				INFOPLIST_FILE = SoureTreeTests/Info.plist;
				LD_RUNPATH_SEARCH_PATHS = "$(inherited) @executable_path/Frameworks @loader_path/Frameworks";
				PRODUCT_BUNDLE_IDENTIFIER = com.lichenjy.SoureTreeTests;
				PRODUCT_NAME = "$(TARGET_NAME)";
				TEST_HOST = "$(BUILT_PRODUCTS_DIR)/SoureTree.app/SoureTree";
			};
			name = Release;
		};
		DB2F5EDC1D461D57005815D7 /* Debug */ = {
			isa = XCBuildConfiguration;
			buildSettings = {
				INFOPLIST_FILE = SoureTreeUITests/Info.plist;
				LD_RUNPATH_SEARCH_PATHS = "$(inherited) @executable_path/Frameworks @loader_path/Frameworks";
				PRODUCT_BUNDLE_IDENTIFIER = com.lichenjy.SoureTreeUITests;
				PRODUCT_NAME = "$(TARGET_NAME)";
				TEST_TARGET_NAME = SoureTree;
			};
			name = Debug;
		};
		DB2F5EDD1D461D57005815D7 /* Release */ = {
			isa = XCBuildConfiguration;
			buildSettings = {
				INFOPLIST_FILE = SoureTreeUITests/Info.plist;
				LD_RUNPATH_SEARCH_PATHS = "$(inherited) @executable_path/Frameworks @loader_path/Frameworks";
				PRODUCT_BUNDLE_IDENTIFIER = com.lichenjy.SoureTreeUITests;
				PRODUCT_NAME = "$(TARGET_NAME)";
				TEST_TARGET_NAME = SoureTree;
			};
			name = Release;
		};
/* End XCBuildConfiguration section */

/* Begin XCConfigurationList section */
		DB2F5EA31D461D56005815D7 /* Build configuration list for PBXProject "SoureTree" */ = {
			isa = XCConfigurationList;
			buildConfigurations = (
				DB2F5ED31D461D57005815D7 /* Debug */,
				DB2F5ED41D461D57005815D7 /* Release */,
			);
			defaultConfigurationIsVisible = 0;
			defaultConfigurationName = Release;
		};
		DB2F5ED51D461D57005815D7 /* Build configuration list for PBXNativeTarget "SoureTree" */ = {
			isa = XCConfigurationList;
			buildConfigurations = (
				DB2F5ED61D461D57005815D7 /* Debug */,
				DB2F5ED71D461D57005815D7 /* Release */,
			);
			defaultConfigurationIsVisible = 0;
			defaultConfigurationName = Release;
		};
		DB2F5ED81D461D57005815D7 /* Build configuration list for PBXNativeTarget "SoureTreeTests" */ = {
			isa = XCConfigurationList;
			buildConfigurations = (
				DB2F5ED91D461D57005815D7 /* Debug */,
				DB2F5EDA1D461D57005815D7 /* Release */,
			);
			defaultConfigurationIsVisible = 0;
			defaultConfigurationName = Release;
		};
		DB2F5EDB1D461D57005815D7 /* Build configuration list for PBXNativeTarget "SoureTreeUITests" */ = {
			isa = XCConfigurationList;
			buildConfigurations = (
				DB2F5EDC1D461D57005815D7 /* Debug */,
				DB2F5EDD1D461D57005815D7 /* Release */,
			);
			defaultConfigurationIsVisible = 0;
			defaultConfigurationName = Release;
		};
/* End XCConfigurationList section */
	};
	rootObject = DB2F5EA01D461D56005815D7 /* Project object */;
}
